{
	"name": "@geislabs/html-fetch",
	"version": "0.0.79",
	"lockfileVersion": 2,
	"requires": true,
	"packages": {
		"": {
			"name": "@geislabs/html-fetch",
			"version": "0.0.67",
			"license": "ISC",
			"devDependencies": {
				"@geislabs/fetch": "^0.0.61",
				"@geislabs/protocol": "^0.0.50"
			}
		},
		"node_modules/@geislabs/fetch": {
			"version": "0.0.61",
			"resolved": "https://registry.npmjs.org/@geislabs/fetch/-/fetch-0.0.61.tgz",
			"integrity": "sha512-uwMIxXCUzLn5CxPcoDxOpKOV9I4WXD2IUA2ll8NuV2uMEAh9kWqpxC4U8SY6fwawNA/G4F8EZLLm+gYBul4Emw==",
			"dev": true,
			"dependencies": {
				"@geislabs/geis-type": "^0.0.61",
				"@geislabs/protocol": "^0.0.50",
				"node-fetch": "^2.6.1"
			}
		},
		"node_modules/@geislabs/geis-type": {
			"version": "0.0.61",
			"resolved": "https://registry.npmjs.org/@geislabs/geis-type/-/geis-type-0.0.61.tgz",
			"integrity": "sha512-pvg/j6PM2JHTRuiPT/jMWjfCzsJnHpjJXKprmhshsVuPh/E3DLLZVrzT/OybS8tKlTEaFS4XmOsFaaxGfVuy0w==",
			"dev": true,
			"dependencies": {
				"inversify": "^5.1.1",
				"is-promise": "^4.0.0"
			}
		},
		"node_modules/@geislabs/protocol": {
			"version": "0.0.50",
			"resolved": "https://registry.npmjs.org/@geislabs/protocol/-/protocol-0.0.50.tgz",
			"integrity": "sha512-o/vLqPz5NKFT69TuF02T7G2y+ZnKqHJdG8K7Yqmv0vXaEucqVHGb1FkbKoBrnx+898pX3eYJuD14KVL7bmO1aQ==",
			"dev": true,
			"dependencies": {
				"is-promise": "^4.0.0"
			}
		},
		"node_modules/inversify": {
			"version": "5.1.1",
			"resolved": "https://registry.npmjs.org/inversify/-/inversify-5.1.1.tgz",
			"integrity": "sha512-j8grHGDzv1v+8T1sAQ+3boTCntFPfvxLCkNcxB1J8qA0lUN+fAlSyYd+RXKvaPRL4AGyPxViutBEJHNXOyUdFQ==",
			"dev": true
		},
		"node_modules/is-promise": {
			"version": "4.0.0",
			"resolved": "https://registry.npmjs.org/is-promise/-/is-promise-4.0.0.tgz",
			"integrity": "sha512-hvpoI6korhJMnej285dSg6nu1+e6uxs7zG3BYAm5byqDsgJNWwxzM6z6iZiAgQR4TJ30JmBTOwqZUw3WlyH3AQ==",
			"dev": true
		},
		"node_modules/node-fetch": {
			"version": "2.6.1",
			"resolved": "https://registry.npmjs.org/node-fetch/-/node-fetch-2.6.1.tgz",
			"integrity": "sha512-V4aYg89jEoVRxRb2fJdAg8FHvI7cEyYdVAh94HH0UIK8oJxUfkjlDQN9RbMx+bEjP7+ggMiFRprSti032Oipxw==",
			"dev": true,
			"engines": {
				"node": "4.x || >=6.0.0"
			}
		}
	},
	"dependencies": {
		"@geislabs/fetch": {
			"version": "0.0.61",
			"resolved": "https://registry.npmjs.org/@geislabs/fetch/-/fetch-0.0.61.tgz",
			"integrity": "sha512-uwMIxXCUzLn5CxPcoDxOpKOV9I4WXD2IUA2ll8NuV2uMEAh9kWqpxC4U8SY6fwawNA/G4F8EZLLm+gYBul4Emw==",
			"dev": true,
			"requires": {
				"@geislabs/geis-type": "^0.0.61",
				"@geislabs/protocol": "^0.0.50",
				"node-fetch": "^2.6.1"
			}
		},
		"@geislabs/geis-type": {
			"version": "0.0.61",
			"resolved": "https://registry.npmjs.org/@geislabs/geis-type/-/geis-type-0.0.61.tgz",
			"integrity": "sha512-pvg/j6PM2JHTRuiPT/jMWjfCzsJnHpjJXKprmhshsVuPh/E3DLLZVrzT/OybS8tKlTEaFS4XmOsFaaxGfVuy0w==",
			"dev": true,
			"requires": {
				"inversify": "^5.1.1",
				"is-promise": "^4.0.0"
			}
		},
		"@geislabs/protocol": {
			"version": "0.0.50",
			"resolved": "https://registry.npmjs.org/@geislabs/protocol/-/protocol-0.0.50.tgz",
			"integrity": "sha512-o/vLqPz5NKFT69TuF02T7G2y+ZnKqHJdG8K7Yqmv0vXaEucqVHGb1FkbKoBrnx+898pX3eYJuD14KVL7bmO1aQ==",
			"dev": true,
			"requires": {
				"is-promise": "^4.0.0"
			}
		},
		"inversify": {
			"version": "5.1.1",
			"resolved": "https://registry.npmjs.org/inversify/-/inversify-5.1.1.tgz",
			"integrity": "sha512-j8grHGDzv1v+8T1sAQ+3boTCntFPfvxLCkNcxB1J8qA0lUN+fAlSyYd+RXKvaPRL4AGyPxViutBEJHNXOyUdFQ==",
			"dev": true
		},
		"is-promise": {
			"version": "4.0.0",
			"resolved": "https://registry.npmjs.org/is-promise/-/is-promise-4.0.0.tgz",
			"integrity": "sha512-hvpoI6korhJMnej285dSg6nu1+e6uxs7zG3BYAm5byqDsgJNWwxzM6z6iZiAgQR4TJ30JmBTOwqZUw3WlyH3AQ==",
			"dev": true
		},
		"node-fetch": {
			"version": "2.6.1",
			"resolved": "https://registry.npmjs.org/node-fetch/-/node-fetch-2.6.1.tgz",
			"integrity": "sha512-V4aYg89jEoVRxRb2fJdAg8FHvI7cEyYdVAh94HH0UIK8oJxUfkjlDQN9RbMx+bEjP7+ggMiFRprSti032Oipxw==",
			"dev": true
		}
	}
}
